
Microsoft Visual Studio Solution File, Format Version 12.00
# Visual Studio 15
VisualStudioVersion = 15.0.26124.0
MinimumVisualStudioVersion = 10.0.40219.1
Project("{9A19103F-16F7-4668-BE54-9A1E7A4F7556}") = "dg", "src\dg.csproj", "{8146EB98-1F96-479E-AB69-0B7D020F3576}"
EndProject
Global
	GlobalSection(SolutionConfigurationPlatforms) = preSolution
		Debug|Any CPU = Debug|Any CPU
		Release|Any CPU = Release|Any CPU
	EndGlobalSection
	GlobalSection(ProjectConfigurationPlatforms) = postSolution
		{8146EB98-1F96-479E-AB69-0B7D020F3576}.Debug|Any CPU.ActiveCfg = Debug|Any CPU
		{8146EB98-1F96-479E-AB69-0B7D020F3576}.Debug|Any CPU.Build.0 = Debug|Any CPU
		{8146EB98-1F96-479E-AB69-0B7D020F3576}.Release|Any CPU.ActiveCfg = Release|Any CPU
		{8146EB98-1F96-479E-AB69-0B7D020F3576}.Release|Any CPU.Build.0 = Release|Any CPU
	EndGlobalSection
	GlobalSection(SolutionProperties) = preSolution
		HideSolutionNode = FALSE
	EndGlobalSection
	GlobalSection(ExtensibilityGlobals) = postSolution
		SolutionGuid = {432595F1-767A-485A-A7BA-AF18FA7915FF}
	EndGlobalSection
EndGlobal
